
Microsoft Visual Studio Solution File, Format Version 12.00
# Visual Studio Version 17
VisualStudioVersion = 17.0.31903.59
MinimumVisualStudioVersion = 10.0.40219.1
Project("{FAE04EC0-301F-11D3-BF4B-00C04F79EFBC}") = "DbListener", "DbListener\DbListener.csproj", "{C206ED27-8290-4E73-83B5-54B3CCABAB9F}"
EndProject
Project("{FAE04EC0-301F-11D3-BF4B-00C04F79EFBC}") = "DbListener.Tests", "DbListener.Tests\DbListener.Tests.csproj", "{D039F7F5-49DA-43F0-BB52-C1627A0FDA63}"
EndProject
Project("{FAE04EC0-301F-11D3-BF4B-00C04F79EFBC}") = "Api", "Api\Api.csproj", "{23E4A036-FC30-4BEB-B92F-87C91954E46F}"
EndProject
Project("{FAE04EC0-301F-11D3-BF4B-00C04F79EFBC}") = "Api.Tests", "Api.Tests\Api.Tests.csproj", "{390C51C7-D087-44B1-AB96-0009B6408519}"
EndProject
Global
	GlobalSection(SolutionProperties) = preSolution
		HideSolutionNode = FALSE
	EndGlobalSection
	GlobalSection(SolutionConfigurationPlatforms) = preSolution
		Debug|Any CPU = Debug|Any CPU
		Debug|x64 = Debug|x64
		Debug|x86 = Debug|x86
		Release|Any CPU = Release|Any CPU
		Release|x64 = Release|x64
		Release|x86 = Release|x86
	EndGlobalSection
	GlobalSection(ProjectConfigurationPlatforms) = postSolution
		{C206ED27-8290-4E73-83B5-54B3CCABAB9F}.Debug|Any CPU.ActiveCfg = Debug|Any CPU
		{C206ED27-8290-4E73-83B5-54B3CCABAB9F}.Debug|Any CPU.Build.0 = Debug|Any CPU
		{C206ED27-8290-4E73-83B5-54B3CCABAB9F}.Debug|x64.ActiveCfg = Debug|Any CPU
		{C206ED27-8290-4E73-83B5-54B3CCABAB9F}.Debug|x64.Build.0 = Debug|Any CPU
		{C206ED27-8290-4E73-83B5-54B3CCABAB9F}.Debug|x86.ActiveCfg = Debug|Any CPU
		{C206ED27-8290-4E73-83B5-54B3CCABAB9F}.Debug|x86.Build.0 = Debug|Any CPU
		{C206ED27-8290-4E73-83B5-54B3CCABAB9F}.Release|Any CPU.ActiveCfg = Release|Any CPU
		{C206ED27-8290-4E73-83B5-54B3CCABAB9F}.Release|Any CPU.Build.0 = Release|Any CPU
		{C206ED27-8290-4E73-83B5-54B3CCABAB9F}.Release|x64.ActiveCfg = Release|Any CPU
		{C206ED27-8290-4E73-83B5-54B3CCABAB9F}.Release|x64.Build.0 = Release|Any CPU
		{C206ED27-8290-4E73-83B5-54B3CCABAB9F}.Release|x86.ActiveCfg = Release|Any CPU
		{C206ED27-8290-4E73-83B5-54B3CCABAB9F}.Release|x86.Build.0 = Release|Any CPU
		{D039F7F5-49DA-43F0-BB52-C1627A0FDA63}.Debug|Any CPU.ActiveCfg = Debug|Any CPU
		{D039F7F5-49DA-43F0-BB52-C1627A0FDA63}.Debug|Any CPU.Build.0 = Debug|Any CPU
		{D039F7F5-49DA-43F0-BB52-C1627A0FDA63}.Debug|x64.ActiveCfg = Debug|Any CPU
		{D039F7F5-49DA-43F0-BB52-C1627A0FDA63}.Debug|x64.Build.0 = Debug|Any CPU
		{D039F7F5-49DA-43F0-BB52-C1627A0FDA63}.Debug|x86.ActiveCfg = Debug|Any CPU
		{D039F7F5-49DA-43F0-BB52-C1627A0FDA63}.Debug|x86.Build.0 = Debug|Any CPU
		{D039F7F5-49DA-43F0-BB52-C1627A0FDA63}.Release|Any CPU.ActiveCfg = Release|Any CPU
		{D039F7F5-49DA-43F0-BB52-C1627A0FDA63}.Release|Any CPU.Build.0 = Release|Any CPU
		{D039F7F5-49DA-43F0-BB52-C1627A0FDA63}.Release|x64.ActiveCfg = Release|Any CPU
		{D039F7F5-49DA-43F0-BB52-C1627A0FDA63}.Release|x64.Build.0 = Release|Any CPU
		{D039F7F5-49DA-43F0-BB52-C1627A0FDA63}.Release|x86.ActiveCfg = Release|Any CPU
		{D039F7F5-49DA-43F0-BB52-C1627A0FDA63}.Release|x86.Build.0 = Release|Any CPU
		{23E4A036-FC30-4BEB-B92F-87C91954E46F}.Debug|Any CPU.ActiveCfg = Debug|Any CPU
		{23E4A036-FC30-4BEB-B92F-87C91954E46F}.Debug|Any CPU.Build.0 = Debug|Any CPU
		{23E4A036-FC30-4BEB-B92F-87C91954E46F}.Debug|x64.ActiveCfg = Debug|Any CPU
		{23E4A036-FC30-4BEB-B92F-87C91954E46F}.Debug|x64.Build.0 = Debug|Any CPU
		{23E4A036-FC30-4BEB-B92F-87C91954E46F}.Debug|x86.ActiveCfg = Debug|Any CPU
		{23E4A036-FC30-4BEB-B92F-87C91954E46F}.Debug|x86.Build.0 = Debug|Any CPU
		{23E4A036-FC30-4BEB-B92F-87C91954E46F}.Release|Any CPU.ActiveCfg = Release|Any CPU
		{23E4A036-FC30-4BEB-B92F-87C91954E46F}.Release|Any CPU.Build.0 = Release|Any CPU
		{23E4A036-FC30-4BEB-B92F-87C91954E46F}.Release|x64.ActiveCfg = Release|Any CPU
		{23E4A036-FC30-4BEB-B92F-87C91954E46F}.Release|x64.Build.0 = Release|Any CPU
		{23E4A036-FC30-4BEB-B92F-87C91954E46F}.Release|x86.ActiveCfg = Release|Any CPU
		{23E4A036-FC30-4BEB-B92F-87C91954E46F}.Release|x86.Build.0 = Release|Any CPU
		{390C51C7-D087-44B1-AB96-0009B6408519}.Debug|Any CPU.ActiveCfg = Debug|Any CPU
		{390C51C7-D087-44B1-AB96-0009B6408519}.Debug|Any CPU.Build.0 = Debug|Any CPU
		{390C51C7-D087-44B1-AB96-0009B6408519}.Debug|x64.ActiveCfg = Debug|Any CPU
		{390C51C7-D087-44B1-AB96-0009B6408519}.Debug|x64.Build.0 = Debug|Any CPU
		{390C51C7-D087-44B1-AB96-0009B6408519}.Debug|x86.ActiveCfg = Debug|Any CPU
		{390C51C7-D087-44B1-AB96-0009B6408519}.Debug|x86.Build.0 = Debug|Any CPU
		{390C51C7-D087-44B1-AB96-0009B6408519}.Release|Any CPU.ActiveCfg = Release|Any CPU
		{390C51C7-D087-44B1-AB96-0009B6408519}.Release|Any CPU.Build.0 = Release|Any CPU
		{390C51C7-D087-44B1-AB96-0009B6408519}.Release|x64.ActiveCfg = Release|Any CPU
		{390C51C7-D087-44B1-AB96-0009B6408519}.Release|x64.Build.0 = Release|Any CPU
		{390C51C7-D087-44B1-AB96-0009B6408519}.Release|x86.ActiveCfg = Release|Any CPU
		{390C51C7-D087-44B1-AB96-0009B6408519}.Release|x86.Build.0 = Release|Any CPU
	EndGlobalSection
EndGlobal
