
Microsoft Visual Studio Solution File, Format Version 12.00
# Visual Studio Version 17
VisualStudioVersion = 17.0.31903.59
MinimumVisualStudioVersion = 10.0.40219.1
Project("{FAE04EC0-301F-11D3-BF4B-00C04F79EFBC}") = "Api", "src\Api\Api.csproj", "{33DD3DEA-F79E-4D43-831B-85F2F2C63909}"
EndProject
Project("{FAE04EC0-301F-11D3-BF4B-00C04F79EFBC}") = "Api.Tests", "test\unit\Api.Tests\Api.Tests.csproj", "{1D17F64C-0605-41AC-8D65-3B2E1401F6CF}"
EndProject
Project("{FAE04EC0-301F-11D3-BF4B-00C04F79EFBC}") = "DbListener", "src\DbListener\DbListener.csproj", "{EB6D7F72-AFFA-477C-98E3-EF2378309566}"
EndProject
Project("{FAE04EC0-301F-11D3-BF4B-00C04F79EFBC}") = "DbListener.Tests", "test\unit\DbListener.Tests\DbListener.Tests.csproj", "{6AC5BCE2-982B-45DC-A245-4C6C5AF38BE2}"
EndProject
Project("{FAE04EC0-301F-11D3-BF4B-00C04F79EFBC}") = "SharedLibs", "src\SharedLibs\SharedLibs.csproj", "{8FE4EDF9-896C-4E49-9739-152871D48FB4}"
EndProject
Project("{FAE04EC0-301F-11D3-BF4B-00C04F79EFBC}") = "Notification", "src\Notification\Notification.csproj", "{96553ED5-601A-40F0-8A80-282A11152422}"
EndProject
Project("{FAE04EC0-301F-11D3-BF4B-00C04F79EFBC}") = "Notification.Tests", "test\unit\Notification.Tests\Notification.Tests.csproj", "{394F6B87-090C-4C79-826F-7BCA7E75F6FC}"
EndProject
Project("{FAE04EC0-301F-11D3-BF4B-00C04F79EFBC}") = "IntegrationTests", "test\integration\IntegrationTests.csproj", "{2068F10A-F6EE-4030-9F6A-5A577818F45E}"
EndProject
Project("{FAE04EC0-301F-11D3-BF4B-00C04F79EFBC}") = "E2ETests", "test\e2e\E2ETests.csproj", "{5E033830-2670-48A5-BD0A-4FA816AD4D71}"
EndProject
Global
	GlobalSection(SolutionConfigurationPlatforms) = preSolution
		Debug|Any CPU = Debug|Any CPU
		Release|Any CPU = Release|Any CPU
	EndGlobalSection
	GlobalSection(SolutionProperties) = preSolution
		HideSolutionNode = FALSE
	EndGlobalSection
	GlobalSection(ProjectConfigurationPlatforms) = postSolution
		{33DD3DEA-F79E-4D43-831B-85F2F2C63909}.Debug|Any CPU.ActiveCfg = Debug|Any CPU
		{33DD3DEA-F79E-4D43-831B-85F2F2C63909}.Debug|Any CPU.Build.0 = Debug|Any CPU
		{33DD3DEA-F79E-4D43-831B-85F2F2C63909}.Release|Any CPU.ActiveCfg = Release|Any CPU
		{33DD3DEA-F79E-4D43-831B-85F2F2C63909}.Release|Any CPU.Build.0 = Release|Any CPU
		{1D17F64C-0605-41AC-8D65-3B2E1401F6CF}.Debug|Any CPU.ActiveCfg = Debug|Any CPU
		{1D17F64C-0605-41AC-8D65-3B2E1401F6CF}.Debug|Any CPU.Build.0 = Debug|Any CPU
		{1D17F64C-0605-41AC-8D65-3B2E1401F6CF}.Release|Any CPU.ActiveCfg = Release|Any CPU
		{1D17F64C-0605-41AC-8D65-3B2E1401F6CF}.Release|Any CPU.Build.0 = Release|Any CPU
		{EB6D7F72-AFFA-477C-98E3-EF2378309566}.Debug|Any CPU.ActiveCfg = Debug|Any CPU
		{EB6D7F72-AFFA-477C-98E3-EF2378309566}.Debug|Any CPU.Build.0 = Debug|Any CPU
		{EB6D7F72-AFFA-477C-98E3-EF2378309566}.Release|Any CPU.ActiveCfg = Release|Any CPU
		{EB6D7F72-AFFA-477C-98E3-EF2378309566}.Release|Any CPU.Build.0 = Release|Any CPU
		{6AC5BCE2-982B-45DC-A245-4C6C5AF38BE2}.Debug|Any CPU.ActiveCfg = Debug|Any CPU
		{6AC5BCE2-982B-45DC-A245-4C6C5AF38BE2}.Debug|Any CPU.Build.0 = Debug|Any CPU
		{6AC5BCE2-982B-45DC-A245-4C6C5AF38BE2}.Release|Any CPU.ActiveCfg = Release|Any CPU
		{6AC5BCE2-982B-45DC-A245-4C6C5AF38BE2}.Release|Any CPU.Build.0 = Release|Any CPU
		{8FE4EDF9-896C-4E49-9739-152871D48FB4}.Debug|Any CPU.ActiveCfg = Debug|Any CPU
		{8FE4EDF9-896C-4E49-9739-152871D48FB4}.Debug|Any CPU.Build.0 = Debug|Any CPU
		{8FE4EDF9-896C-4E49-9739-152871D48FB4}.Release|Any CPU.ActiveCfg = Release|Any CPU
		{8FE4EDF9-896C-4E49-9739-152871D48FB4}.Release|Any CPU.Build.0 = Release|Any CPU
		{96553ED5-601A-40F0-8A80-282A11152422}.Debug|Any CPU.ActiveCfg = Debug|Any CPU
		{96553ED5-601A-40F0-8A80-282A11152422}.Debug|Any CPU.Build.0 = Debug|Any CPU
		{96553ED5-601A-40F0-8A80-282A11152422}.Release|Any CPU.ActiveCfg = Release|Any CPU
		{96553ED5-601A-40F0-8A80-282A11152422}.Release|Any CPU.Build.0 = Release|Any CPU
		{394F6B87-090C-4C79-826F-7BCA7E75F6FC}.Debug|Any CPU.ActiveCfg = Debug|Any CPU
		{394F6B87-090C-4C79-826F-7BCA7E75F6FC}.Debug|Any CPU.Build.0 = Debug|Any CPU
		{394F6B87-090C-4C79-826F-7BCA7E75F6FC}.Release|Any CPU.ActiveCfg = Release|Any CPU
		{394F6B87-090C-4C79-826F-7BCA7E75F6FC}.Release|Any CPU.Build.0 = Release|Any CPU
		{2068F10A-F6EE-4030-9F6A-5A577818F45E}.Debug|Any CPU.ActiveCfg = Debug|Any CPU
		{2068F10A-F6EE-4030-9F6A-5A577818F45E}.Debug|Any CPU.Build.0 = Debug|Any CPU
		{2068F10A-F6EE-4030-9F6A-5A577818F45E}.Release|Any CPU.ActiveCfg = Release|Any CPU
		{2068F10A-F6EE-4030-9F6A-5A577818F45E}.Release|Any CPU.Build.0 = Release|Any CPU
		{5E033830-2670-48A5-BD0A-4FA816AD4D71}.Debug|Any CPU.ActiveCfg = Debug|Any CPU
		{5E033830-2670-48A5-BD0A-4FA816AD4D71}.Debug|Any CPU.Build.0 = Debug|Any CPU
		{5E033830-2670-48A5-BD0A-4FA816AD4D71}.Release|Any CPU.ActiveCfg = Release|Any CPU
		{5E033830-2670-48A5-BD0A-4FA816AD4D71}.Release|Any CPU.Build.0 = Release|Any CPU
	EndGlobalSection
EndGlobal
